// !$*UTF8*$!
{
	archiveVersion = 1;
	classes = {
	};
	objectVersion = 46;
	objects = {

/* Begin PBXBuildFile section */
		458E8ADD14BFF3800086A1B6 /* UIKit.framework in Frameworks */ = {isa = PBXBuildFile; fileRef = 458E8ADC14BFF3800086A1B6 /* UIKit.framework */; };
		458E8ADF14BFF3800086A1B6 /* Foundation.framework in Frameworks */ = {isa = PBXBuildFile; fileRef = 458E8ADE14BFF3800086A1B6 /* Foundation.framework */; };
		458E8AE114BFF3800086A1B6 /* CoreGraphics.framework in Frameworks */ = {isa = PBXBuildFile; fileRef = 458E8AE014BFF3800086A1B6 /* CoreGraphics.framework */; };
		458E8AE714BFF3800086A1B6 /* InfoPlist.strings in Resources */ = {isa = PBXBuildFile; fileRef = 458E8AE514BFF3800086A1B6 /* InfoPlist.strings */; };
		458E8AE914BFF3800086A1B6 /* main.m in Sources */ = {isa = PBXBuildFile; fileRef = 458E8AE814BFF3800086A1B6 /* main.m */; };
		458E8AED14BFF3800086A1B6 /* RGRAppDelegate.m in Sources */ = {isa = PBXBuildFile; fileRef = 458E8AEC14BFF3800086A1B6 /* RGRAppDelegate.m */; };
		458E8AF014BFF3800086A1B6 /* RGRViewController.m in Sources */ = {isa = PBXBuildFile; fileRef = 458E8AEF14BFF3800086A1B6 /* RGRViewController.m */; };
		458E8AF314BFF3800086A1B6 /* RGRViewController.xib in Resources */ = {isa = PBXBuildFile; fileRef = 458E8AF114BFF3800086A1B6 /* RGRViewController.xib */; };
/* End PBXBuildFile section */

/* Begin PBXFileReference section */
		458E8AD814BFF3800086A1B6 /* ObjC_HomeWork1.app */ = {isa = PBXFileReference; explicitFileType = wrapper.application; includeInIndex = 0; path = ObjC_HomeWork1.app; sourceTree = BUILT_PRODUCTS_DIR; };
		458E8ADC14BFF3800086A1B6 /* UIKit.framework */ = {isa = PBXFileReference; lastKnownFileType = wrapper.framework; name = UIKit.framework; path = System/Library/Frameworks/UIKit.framework; sourceTree = SDKROOT; };
		458E8ADE14BFF3800086A1B6 /* Foundation.framework */ = {isa = PBXFileReference; lastKnownFileType = wrapper.framework; name = Foundation.framework; path = System/Library/Frameworks/Foundation.framework; sourceTree = SDKROOT; };
		458E8AE014BFF3800086A1B6 /* CoreGraphics.framework */ = {isa = PBXFileReference; lastKnownFileType = wrapper.framework; name = CoreGraphics.framework; path = System/Library/Frameworks/CoreGraphics.framework; sourceTree = SDKROOT; };
		458E8AE414BFF3800086A1B6 /* ObjC_HomeWork1-Info.plist */ = {isa = PBXFileReference; lastKnownFileType = text.plist.xml; path = "ObjC_HomeWork1-Info.plist"; sourceTree = "<group>"; };
		458E8AE614BFF3800086A1B6 /* en */ = {isa = PBXFileReference; lastKnownFileType = text.plist.strings; name = en; path = en.lproj/InfoPlist.strings; sourceTree = "<group>"; };
		458E8AE814BFF3800086A1B6 /* main.m */ = {isa = PBXFileReference; lastKnownFileType = sourcecode.c.objc; path = main.m; sourceTree = "<group>"; };
		458E8AEA14BFF3800086A1B6 /* ObjC_HomeWork1-Prefix.pch */ = {isa = PBXFileReference; lastKnownFileType = sourcecode.c.h; path = "ObjC_HomeWork1-Prefix.pch"; sourceTree = "<group>"; };
		458E8AEB14BFF3800086A1B6 /* RGRAppDelegate.h */ = {isa = PBXFileReference; lastKnownFileType = sourcecode.c.h; path = RGRAppDelegate.h; sourceTree = "<group>"; };
		458E8AEC14BFF3800086A1B6 /* RGRAppDelegate.m */ = {isa = PBXFileReference; lastKnownFileType = sourcecode.c.objc; path = RGRAppDelegate.m; sourceTree = "<group>"; };
		458E8AEE14BFF3800086A1B6 /* RGRViewController.h */ = {isa = PBXFileReference; lastKnownFileType = sourcecode.c.h; path = RGRViewController.h; sourceTree = "<group>"; };
		458E8AEF14BFF3800086A1B6 /* RGRViewController.m */ = {isa = PBXFileReference; lastKnownFileType = sourcecode.c.objc; path = RGRViewController.m; sourceTree = "<group>"; };
		458E8AF214BFF3800086A1B6 /* en */ = {isa = PBXFileReference; lastKnownFileType = file.xib; name = en; path = en.lproj/RGRViewController.xib; sourceTree = "<group>"; };
/* End PBXFileReference section */

/* Begin PBXFrameworksBuildPhase section */
		458E8AD514BFF3800086A1B6 /* Frameworks */ = {
			isa = PBXFrameworksBuildPhase;
			buildActionMask = 2147483647;
			files = (
				458E8ADD14BFF3800086A1B6 /* UIKit.framework in Frameworks */,
				458E8ADF14BFF3800086A1B6 /* Foundation.framework in Frameworks */,
				458E8AE114BFF3800086A1B6 /* CoreGraphics.framework in Frameworks */,
			);
			runOnlyForDeploymentPostprocessing = 0;
		};
/* End PBXFrameworksBuildPhase section */

/* Begin PBXGroup section */
		458E8ACD14BFF37F0086A1B6 = {
			isa = PBXGroup;
			children = (
				458E8AE214BFF3800086A1B6 /* ObjC_HomeWork1 */,
				458E8ADB14BFF3800086A1B6 /* Frameworks */,
				458E8AD914BFF3800086A1B6 /* Products */,
			);
			sourceTree = "<group>";
		};
		458E8AD914BFF3800086A1B6 /* Products */ = {
			isa = PBXGroup;
			children = (
				458E8AD814BFF3800086A1B6 /* ObjC_HomeWork1.app */,
			);
			name = Products;
			sourceTree = "<group>";
		};
		458E8ADB14BFF3800086A1B6 /* Frameworks */ = {
			isa = PBXGroup;
			children = (
				458E8ADC14BFF3800086A1B6 /* UIKit.framework */,
				458E8ADE14BFF3800086A1B6 /* Foundation.framework */,
				458E8AE014BFF3800086A1B6 /* CoreGraphics.framework */,
			);
			name = Frameworks;
			sourceTree = "<group>";
		};
		458E8AE214BFF3800086A1B6 /* ObjC_HomeWork1 */ = {
			isa = PBXGroup;
			children = (
				458E8AEB14BFF3800086A1B6 /* RGRAppDelegate.h */,
				458E8AEC14BFF3800086A1B6 /* RGRAppDelegate.m */,
				458E8AEE14BFF3800086A1B6 /* RGRViewController.h */,
				458E8AEF14BFF3800086A1B6 /* RGRViewController.m */,
				458E8AF114BFF3800086A1B6 /* RGRViewController.xib */,
				458E8AE314BFF3800086A1B6 /* Supporting Files */,
			);
			path = ObjC_HomeWork1;
			sourceTree = "<group>";
		};
		458E8AE314BFF3800086A1B6 /* Supporting Files */ = {
			isa = PBXGroup;
			children = (
				458E8AE414BFF3800086A1B6 /* ObjC_HomeWork1-Info.plist */,
				458E8AE514BFF3800086A1B6 /* InfoPlist.strings */,
				458E8AE814BFF3800086A1B6 /* main.m */,
				458E8AEA14BFF3800086A1B6 /* ObjC_HomeWork1-Prefix.pch */,
			);
			name = "Supporting Files";
			sourceTree = "<group>";
		};
/* End PBXGroup section */

/* Begin PBXNativeTarget section */
		458E8AD714BFF3800086A1B6 /* ObjC_HomeWork1 */ = {
			isa = PBXNativeTarget;
			buildConfigurationList = 458E8AF614BFF3800086A1B6 /* Build configuration list for PBXNativeTarget "ObjC_HomeWork1" */;
			buildPhases = (
				458E8AD414BFF3800086A1B6 /* Sources */,
				458E8AD514BFF3800086A1B6 /* Frameworks */,
				458E8AD614BFF3800086A1B6 /* Resources */,
			);
			buildRules = (
			);
			dependencies = (
			);
			name = ObjC_HomeWork1;
			productName = ObjC_HomeWork1;
			productReference = 458E8AD814BFF3800086A1B6 /* ObjC_HomeWork1.app */;
			productType = "com.apple.product-type.application";
		};
/* End PBXNativeTarget section */

/* Begin PBXProject section */
		458E8ACF14BFF37F0086A1B6 /* Project object */ = {
			isa = PBXProject;
			attributes = {
				LastUpgradeCheck = 0420;
			};
			buildConfigurationList = 458E8AD214BFF37F0086A1B6 /* Build configuration list for PBXProject "ObjC_HomeWork1" */;
			compatibilityVersion = "Xcode 3.2";
			developmentRegion = English;
			hasScannedForEncodings = 0;
			knownRegions = (
				en,
			);
			mainGroup = 458E8ACD14BFF37F0086A1B6;
			productRefGroup = 458E8AD914BFF3800086A1B6 /* Products */;
			projectDirPath = "";
			projectRoot = "";
			targets = (
				458E8AD714BFF3800086A1B6 /* ObjC_HomeWork1 */,
			);
		};
/* End PBXProject section */

/* Begin PBXResourcesBuildPhase section */
		458E8AD614BFF3800086A1B6 /* Resources */ = {
			isa = PBXResourcesBuildPhase;
			buildActionMask = 2147483647;
			files = (
				458E8AE714BFF3800086A1B6 /* InfoPlist.strings in Resources */,
				458E8AF314BFF3800086A1B6 /* RGRViewController.xib in Resources */,
			);
			runOnlyForDeploymentPostprocessing = 0;
		};
/* End PBXResourcesBuildPhase section */

/* Begin PBXSourcesBuildPhase section */
		458E8AD414BFF3800086A1B6 /* Sources */ = {
			isa = PBXSourcesBuildPhase;
			buildActionMask = 2147483647;
			files = (
				458E8AE914BFF3800086A1B6 /* main.m in Sources */,
				458E8AED14BFF3800086A1B6 /* RGRAppDelegate.m in Sources */,
				458E8AF014BFF3800086A1B6 /* RGRViewController.m in Sources */,
			);
			runOnlyForDeploymentPostprocessing = 0;
		};
/* End PBXSourcesBuildPhase section */

/* Begin PBXVariantGroup section */
		458E8AE514BFF3800086A1B6 /* InfoPlist.strings */ = {
			isa = PBXVariantGroup;
			children = (
				458E8AE614BFF3800086A1B6 /* en */,
			);
			name = InfoPlist.strings;
			sourceTree = "<group>";
		};
		458E8AF114BFF3800086A1B6 /* RGRViewController.xib */ = {
			isa = PBXVariantGroup;
			children = (
				458E8AF214BFF3800086A1B6 /* en */,
			);
			name = RGRViewController.xib;
			sourceTree = "<group>";
		};
/* End PBXVariantGroup section */

/* Begin XCBuildConfiguration section */
		458E8AF414BFF3800086A1B6 /* Debug */ = {
			isa = XCBuildConfiguration;
			buildSettings = {
				ALWAYS_SEARCH_USER_PATHS = NO;
				ARCHS = "$(ARCHS_STANDARD_32_BIT)";
				CLANG_ENABLE_OBJC_ARC = YES;
				"CODE_SIGN_IDENTITY[sdk=iphoneos*]" = "iPhone Developer";
				COPY_PHASE_STRIP = NO;
				GCC_C_LANGUAGE_STANDARD = gnu99;
				GCC_DYNAMIC_NO_PIC = NO;
				GCC_OPTIMIZATION_LEVEL = 0;
				GCC_PREPROCESSOR_DEFINITIONS = (
					"DEBUG=1",
					"$(inherited)",
				);
				GCC_SYMBOLS_PRIVATE_EXTERN = NO;
				GCC_VERSION = com.apple.compilers.llvm.clang.1_0;
				GCC_WARN_ABOUT_MISSING_PROTOTYPES = YES;
				GCC_WARN_ABOUT_RETURN_TYPE = YES;
				GCC_WARN_UNUSED_VARIABLE = YES;
				IPHONEOS_DEPLOYMENT_TARGET = 5.0;
				SDKROOT = iphoneos;
			};
			name = Debug;
		};
		458E8AF514BFF3800086A1B6 /* Release */ = {
			isa = XCBuildConfiguration;
			buildSettings = {
				ALWAYS_SEARCH_USER_PATHS = NO;
				ARCHS = "$(ARCHS_STANDARD_32_BIT)";
				CLANG_ENABLE_OBJC_ARC = YES;
				"CODE_SIGN_IDENTITY[sdk=iphoneos*]" = "iPhone Developer";
				COPY_PHASE_STRIP = YES;
				GCC_C_LANGUAGE_STANDARD = gnu99;
				GCC_VERSION = com.apple.compilers.llvm.clang.1_0;
				GCC_WARN_ABOUT_MISSING_PROTOTYPES = YES;
				GCC_WARN_ABOUT_RETURN_TYPE = YES;
				GCC_WARN_UNUSED_VARIABLE = YES;
				IPHONEOS_DEPLOYMENT_TARGET = 5.0;
				OTHER_CFLAGS = "-DNS_BLOCK_ASSERTIONS=1";
				SDKROOT = iphoneos;
				VALIDATE_PRODUCT = YES;
			};
			name = Release;
		};
		458E8AF714BFF3800086A1B6 /* Debug */ = {
			isa = XCBuildConfiguration;
			buildSettings = {
				GCC_PRECOMPILE_PREFIX_HEADER = YES;
				GCC_PREFIX_HEADER = "ObjC_HomeWork1/ObjC_HomeWork1-Prefix.pch";
				INFOPLIST_FILE = "ObjC_HomeWork1/ObjC_HomeWork1-Info.plist";
				PRODUCT_NAME = "$(TARGET_NAME)";
				WRAPPER_EXTENSION = app;
			};
			name = Debug;
		};
		458E8AF814BFF3800086A1B6 /* Release */ = {
			isa = XCBuildConfiguration;
			buildSettings = {
				GCC_PRECOMPILE_PREFIX_HEADER = YES;
				GCC_PREFIX_HEADER = "ObjC_HomeWork1/ObjC_HomeWork1-Prefix.pch";
				INFOPLIST_FILE = "ObjC_HomeWork1/ObjC_HomeWork1-Info.plist";
				PRODUCT_NAME = "$(TARGET_NAME)";
				WRAPPER_EXTENSION = app;
			};
			name = Release;
		};
/* End XCBuildConfiguration section */

/* Begin XCConfigurationList section */
		458E8AD214BFF37F0086A1B6 /* Build configuration list for PBXProject "ObjC_HomeWork1" */ = {
			isa = XCConfigurationList;
			buildConfigurations = (
				458E8AF414BFF3800086A1B6 /* Debug */,
				458E8AF514BFF3800086A1B6 /* Release */,
			);
			defaultConfigurationIsVisible = 0;
			defaultConfigurationName = Release;
		};
		458E8AF614BFF3800086A1B6 /* Build configuration list for PBXNativeTarget "ObjC_HomeWork1" */ = {
			isa = XCConfigurationList;
			buildConfigurations = (
				458E8AF714BFF3800086A1B6 /* Debug */,
				458E8AF814BFF3800086A1B6 /* Release */,
			);
			defaultConfigurationIsVisible = 0;
		};
/* End XCConfigurationList section */
	};
	rootObject = 458E8ACF14BFF37F0086A1B6 /* Project object */;
}
